{
    "_readme": [
        "This file locks the dependencies of your project to a known state",
        "Read more about it at https://getcomposer.org/doc/01-basic-usage.md#installing-dependencies",
        "This file is @generated automatically"
    ],
    "content-hash": "d8e572f3ac97d1e6ef5b249af6ff430e",
    "packages": [
        {
            "name": "mageplaza/module-core",
            "version": "1.5.15",
            "source": {
                "type": "git",
                "url": "https://github.com/mageplaza/module-core.git",
                "reference": "c527e66bf483f74d1dc3013dc64b2eefa6e8ecc6"
            },
            "dist": {
                "type": "zip",
                "url": "https://api.github.com/repos/mageplaza/module-core/zipball/c527e66bf483f74d1dc3013dc64b2eefa6e8ecc6",
                "reference": "c527e66bf483f74d1dc3013dc64b2eefa6e8ecc6",
                "shasum": ""
            },
            "type": "magento2-module",
            "autoload": {
                "files": [
                    "registration.php"
                ],
                "psr-4": {
                    "Mageplaza\\Core\\": ""
                }
            },
            "notification-url": "https://packagist.org/downloads/",
            "license": [
                "proprietary"
            ],
            "authors": [
                {
                    "name": "Mageplaza",
                    "email": "support@mageplaza.com",
                    "homepage": "https://www.mageplaza.com",
                    "role": "Technical Support"
                }
            ],
            "description": "Mageplaza Core for Magento 2",
            "support": {
                "source": "https://github.com/mageplaza/module-core/tree/v1.5.15"
            },
            "time": "2025-10-21T07:24:34+00:00"
        },
        {
            "name": "mageplaza/module-smtp",
            "version": "4.7.21",
            "source": {
                "type": "git",
                "url": "https://github.com/mageplaza/magento-2-smtp.git",
                "reference": "6281a4e9a8ec6bdedf8eecd9586085d1bab81c00"
            },
            "dist": {
                "type": "zip",
                "url": "https://api.github.com/repos/mageplaza/magento-2-smtp/zipball/6281a4e9a8ec6bdedf8eecd9586085d1bab81c00",
                "reference": "6281a4e9a8ec6bdedf8eecd9586085d1bab81c00",
                "shasum": ""
            },
            "require": {
                "mageplaza/module-core": "^1.5.14"
            },
            "type": "magento2-module",
            "autoload": {
                "files": [
                    "registration.php"
                ],
                "psr-4": {
                    "Mageplaza\\Smtp\\": ""
                }
            },
            "notification-url": "https://packagist.org/downloads/",
            "license": [
                "proprietary"
            ],
            "authors": [
                {
                    "name": "Mageplaza",
                    "email": "support@mageplaza.com",
                    "homepage": "https://www.mageplaza.com",
                    "role": "Technical Support"
                }
            ],
            "description": "SMTP Extension for Magento 2 helps the owner of store simply install SMTP (Simple Mail Transfer Protocol) server which transmits the messages into codes or numbers",
            "keywords": [
                "Facebook ADS",
                "Marketing Automation",
                "Messenger",
                "email",
                "email marketing",
                "email settings",
                "facebook",
                "gmail smtp",
                "google ads",
                "magento 2",
                "magento 2 smtp",
                "magento smtp",
                "mageplaza",
                "sms",
                "sms marketing",
                "smtp",
                "web push notification",
                "whatsapp"
            ],
            "support": {
                "source": "https://github.com/mageplaza/magento-2-smtp/tree/v4.7.21"
            },
            "time": "2026-01-27T03:07:00+00:00"
        }
    ],
    "packages-dev": [],
    "aliases": [],
    "minimum-stability": "stable",
    "stability-flags": {},
    "prefer-stable": false,
    "prefer-lowest": false,
    "platform": {},
    "platform-dev": {},
    "plugin-api-version": "2.9.0"
}
